<?xml version="1.0" encoding="UTF-8"?>
<CodeBlocks_project_file>
	<FileVersion major="1" minor="6"/>
	<Project>
		<Option title="fcitx-auto-onboard"/>
		<Option makefile_is_custom="1"/>
		<Option compiler="gcc"/>
		<Option virtualFolders="CMake Files\;CMake Files\..\;CMake Files\..\..\;CMake Files\..\..\..\;CMake Files\..\..\..\..\;CMake Files\..\..\..\..\..\;CMake Files\..\..\..\..\..\..\;CMake Files\..\..\..\..\..\..\usr\;CMake Files\..\..\..\..\..\..\usr\share\;CMake Files\..\..\..\..\..\..\usr\share\cmake\;CMake Files\..\..\..\..\..\..\usr\share\cmake\fcitx\;CMake Files\src\;"/>
		<Build>
			<Target title="all">
				<Option working_dir="/home/zhaikn/kylin/samples/fcitx-auto-onboard/build-fcitx-auto-onboard-0.1.0001-unknown-Debug"/>
				<Option type="4"/>
				<MakeCommands>
					<Build command="/usr/bin/make -j6 -f &quot;/home/zhaikn/kylin/samples/fcitx-auto-onboard/build-fcitx-auto-onboard-0.1.0001-unknown-Debug/Makefile&quot;  VERBOSE=1 all"/>
					<CompileFile command="/usr/bin/make -j6 -f &quot;/home/zhaikn/kylin/samples/fcitx-auto-onboard/build-fcitx-auto-onboard-0.1.0001-unknown-Debug/Makefile&quot;  VERBOSE=1 &quot;$file&quot;"/>
					<Clean command="/usr/bin/make -j6 -f &quot;/home/zhaikn/kylin/samples/fcitx-auto-onboard/build-fcitx-auto-onboard-0.1.0001-unknown-Debug/Makefile&quot;  VERBOSE=1 clean"/>
					<DistClean command="/usr/bin/make -j6 -f &quot;/home/zhaikn/kylin/samples/fcitx-auto-onboard/build-fcitx-auto-onboard-0.1.0001-unknown-Debug/Makefile&quot;  VERBOSE=1 clean"/>
				</MakeCommands>
			</Target>
			<Target title="install/strip">
				<Option working_dir="/home/zhaikn/kylin/samples/fcitx-auto-onboard/build-fcitx-auto-onboard-0.1.0001-unknown-Debug"/>
				<Option type="4"/>
				<MakeCommands>
					<Build command="/usr/bin/make -j6 -f &quot;/home/zhaikn/kylin/samples/fcitx-auto-onboard/build-fcitx-auto-onboard-0.1.0001-unknown-Debug/Makefile&quot;  VERBOSE=1 install/strip"/>
					<CompileFile command="/usr/bin/make -j6 -f &quot;/home/zhaikn/kylin/samples/fcitx-auto-onboard/build-fcitx-auto-onboard-0.1.0001-unknown-Debug/Makefile&quot;  VERBOSE=1 &quot;$file&quot;"/>
					<Clean command="/usr/bin/make -j6 -f &quot;/home/zhaikn/kylin/samples/fcitx-auto-onboard/build-fcitx-auto-onboard-0.1.0001-unknown-Debug/Makefile&quot;  VERBOSE=1 clean"/>
					<DistClean command="/usr/bin/make -j6 -f &quot;/home/zhaikn/kylin/samples/fcitx-auto-onboard/build-fcitx-auto-onboard-0.1.0001-unknown-Debug/Makefile&quot;  VERBOSE=1 clean"/>
				</MakeCommands>
			</Target>
			<Target title="install">
				<Option working_dir="/home/zhaikn/kylin/samples/fcitx-auto-onboard/build-fcitx-auto-onboard-0.1.0001-unknown-Debug"/>
				<Option type="4"/>
				<MakeCommands>
					<Build command="/usr/bin/make -j6 -f &quot;/home/zhaikn/kylin/samples/fcitx-auto-onboard/build-fcitx-auto-onboard-0.1.0001-unknown-Debug/Makefile&quot;  VERBOSE=1 install"/>
					<CompileFile command="/usr/bin/make -j6 -f &quot;/home/zhaikn/kylin/samples/fcitx-auto-onboard/build-fcitx-auto-onboard-0.1.0001-unknown-Debug/Makefile&quot;  VERBOSE=1 &quot;$file&quot;"/>
					<Clean command="/usr/bin/make -j6 -f &quot;/home/zhaikn/kylin/samples/fcitx-auto-onboard/build-fcitx-auto-onboard-0.1.0001-unknown-Debug/Makefile&quot;  VERBOSE=1 clean"/>
					<DistClean command="/usr/bin/make -j6 -f &quot;/home/zhaikn/kylin/samples/fcitx-auto-onboard/build-fcitx-auto-onboard-0.1.0001-unknown-Debug/Makefile&quot;  VERBOSE=1 clean"/>
				</MakeCommands>
			</Target>
			<Target title="list_install_components">
				<Option working_dir="/home/zhaikn/kylin/samples/fcitx-auto-onboard/build-fcitx-auto-onboard-0.1.0001-unknown-Debug"/>
				<Option type="4"/>
				<MakeCommands>
					<Build command="/usr/bin/make -j6 -f &quot;/home/zhaikn/kylin/samples/fcitx-auto-onboard/build-fcitx-auto-onboard-0.1.0001-unknown-Debug/Makefile&quot;  VERBOSE=1 list_install_components"/>
					<CompileFile command="/usr/bin/make -j6 -f &quot;/home/zhaikn/kylin/samples/fcitx-auto-onboard/build-fcitx-auto-onboard-0.1.0001-unknown-Debug/Makefile&quot;  VERBOSE=1 &quot;$file&quot;"/>
					<Clean command="/usr/bin/make -j6 -f &quot;/home/zhaikn/kylin/samples/fcitx-auto-onboard/build-fcitx-auto-onboard-0.1.0001-unknown-Debug/Makefile&quot;  VERBOSE=1 clean"/>
					<DistClean command="/usr/bin/make -j6 -f &quot;/home/zhaikn/kylin/samples/fcitx-auto-onboard/build-fcitx-auto-onboard-0.1.0001-unknown-Debug/Makefile&quot;  VERBOSE=1 clean"/>
				</MakeCommands>
			</Target>
			<Target title="fcitx-modules.target">
				<Option working_dir="/home/zhaikn/kylin/samples/fcitx-auto-onboard/build-fcitx-auto-onboard-0.1.0001-unknown-Debug"/>
				<Option type="4"/>
				<MakeCommands>
					<Build command="/usr/bin/make -j6 -f &quot;/home/zhaikn/kylin/samples/fcitx-auto-onboard/build-fcitx-auto-onboard-0.1.0001-unknown-Debug/Makefile&quot;  VERBOSE=1 fcitx-modules.target"/>
					<CompileFile command="/usr/bin/make -j6 -f &quot;/home/zhaikn/kylin/samples/fcitx-auto-onboard/build-fcitx-auto-onboard-0.1.0001-unknown-Debug/Makefile&quot;  VERBOSE=1 &quot;$file&quot;"/>
					<Clean command="/usr/bin/make -j6 -f &quot;/home/zhaikn/kylin/samples/fcitx-auto-onboard/build-fcitx-auto-onboard-0.1.0001-unknown-Debug/Makefile&quot;  VERBOSE=1 clean"/>
					<DistClean command="/usr/bin/make -j6 -f &quot;/home/zhaikn/kylin/samples/fcitx-auto-onboard/build-fcitx-auto-onboard-0.1.0001-unknown-Debug/Makefile&quot;  VERBOSE=1 clean"/>
				</MakeCommands>
			</Target>
			<Target title="install/local">
				<Option working_dir="/home/zhaikn/kylin/samples/fcitx-auto-onboard/build-fcitx-auto-onboard-0.1.0001-unknown-Debug"/>
				<Option type="4"/>
				<MakeCommands>
					<Build command="/usr/bin/make -j6 -f &quot;/home/zhaikn/kylin/samples/fcitx-auto-onboard/build-fcitx-auto-onboard-0.1.0001-unknown-Debug/Makefile&quot;  VERBOSE=1 install/local"/>
					<CompileFile command="/usr/bin/make -j6 -f &quot;/home/zhaikn/kylin/samples/fcitx-auto-onboard/build-fcitx-auto-onboard-0.1.0001-unknown-Debug/Makefile&quot;  VERBOSE=1 &quot;$file&quot;"/>
					<Clean command="/usr/bin/make -j6 -f &quot;/home/zhaikn/kylin/samples/fcitx-auto-onboard/build-fcitx-auto-onboard-0.1.0001-unknown-Debug/Makefile&quot;  VERBOSE=1 clean"/>
					<DistClean command="/usr/bin/make -j6 -f &quot;/home/zhaikn/kylin/samples/fcitx-auto-onboard/build-fcitx-auto-onboard-0.1.0001-unknown-Debug/Makefile&quot;  VERBOSE=1 clean"/>
				</MakeCommands>
			</Target>
			<Target title="fcitx-extract-traslation.dependency">
				<Option working_dir="/home/zhaikn/kylin/samples/fcitx-auto-onboard/build-fcitx-auto-onboard-0.1.0001-unknown-Debug"/>
				<Option type="4"/>
				<MakeCommands>
					<Build command="/usr/bin/make -j6 -f &quot;/home/zhaikn/kylin/samples/fcitx-auto-onboard/build-fcitx-auto-onboard-0.1.0001-unknown-Debug/Makefile&quot;  VERBOSE=1 fcitx-extract-traslation.dependency"/>
					<CompileFile command="/usr/bin/make -j6 -f &quot;/home/zhaikn/kylin/samples/fcitx-auto-onboard/build-fcitx-auto-onboard-0.1.0001-unknown-Debug/Makefile&quot;  VERBOSE=1 &quot;$file&quot;"/>
					<Clean command="/usr/bin/make -j6 -f &quot;/home/zhaikn/kylin/samples/fcitx-auto-onboard/build-fcitx-auto-onboard-0.1.0001-unknown-Debug/Makefile&quot;  VERBOSE=1 clean"/>
					<DistClean command="/usr/bin/make -j6 -f &quot;/home/zhaikn/kylin/samples/fcitx-auto-onboard/build-fcitx-auto-onboard-0.1.0001-unknown-Debug/Makefile&quot;  VERBOSE=1 clean"/>
				</MakeCommands>
			</Target>
			<Target title="fcitx-parse-pos.dependency">
				<Option working_dir="/home/zhaikn/kylin/samples/fcitx-auto-onboard/build-fcitx-auto-onboard-0.1.0001-unknown-Debug"/>
				<Option type="4"/>
				<MakeCommands>
					<Build command="/usr/bin/make -j6 -f &quot;/home/zhaikn/kylin/samples/fcitx-auto-onboard/build-fcitx-auto-onboard-0.1.0001-unknown-Debug/Makefile&quot;  VERBOSE=1 fcitx-parse-pos.dependency"/>
					<CompileFile command="/usr/bin/make -j6 -f &quot;/home/zhaikn/kylin/samples/fcitx-auto-onboard/build-fcitx-auto-onboard-0.1.0001-unknown-Debug/Makefile&quot;  VERBOSE=1 &quot;$file&quot;"/>
					<Clean command="/usr/bin/make -j6 -f &quot;/home/zhaikn/kylin/samples/fcitx-auto-onboard/build-fcitx-auto-onboard-0.1.0001-unknown-Debug/Makefile&quot;  VERBOSE=1 clean"/>
					<DistClean command="/usr/bin/make -j6 -f &quot;/home/zhaikn/kylin/samples/fcitx-auto-onboard/build-fcitx-auto-onboard-0.1.0001-unknown-Debug/Makefile&quot;  VERBOSE=1 clean"/>
				</MakeCommands>
			</Target>
			<Target title="fcitx-addon-translation-handler-2">
				<Option working_dir="/home/zhaikn/kylin/samples/fcitx-auto-onboard/build-fcitx-auto-onboard-0.1.0001-unknown-Debug"/>
				<Option type="4"/>
				<MakeCommands>
					<Build command="/usr/bin/make -j6 -f &quot;/home/zhaikn/kylin/samples/fcitx-auto-onboard/build-fcitx-auto-onboard-0.1.0001-unknown-Debug/Makefile&quot;  VERBOSE=1 fcitx-addon-translation-handler-2"/>
					<CompileFile command="/usr/bin/make -j6 -f &quot;/home/zhaikn/kylin/samples/fcitx-auto-onboard/build-fcitx-auto-onboard-0.1.0001-unknown-Debug/Makefile&quot;  VERBOSE=1 &quot;$file&quot;"/>
					<Clean command="/usr/bin/make -j6 -f &quot;/home/zhaikn/kylin/samples/fcitx-auto-onboard/build-fcitx-auto-onboard-0.1.0001-unknown-Debug/Makefile&quot;  VERBOSE=1 clean"/>
					<DistClean command="/usr/bin/make -j6 -f &quot;/home/zhaikn/kylin/samples/fcitx-auto-onboard/build-fcitx-auto-onboard-0.1.0001-unknown-Debug/Makefile&quot;  VERBOSE=1 clean"/>
				</MakeCommands>
			</Target>
			<Target title="fcitx-addon-translation-handler-5">
				<Option working_dir="/home/zhaikn/kylin/samples/fcitx-auto-onboard/build-fcitx-auto-onboard-0.1.0001-unknown-Debug"/>
				<Option type="4"/>
				<MakeCommands>
					<Build command="/usr/bin/make -j6 -f &quot;/home/zhaikn/kylin/samples/fcitx-auto-onboard/build-fcitx-auto-onboard-0.1.0001-unknown-Debug/Makefile&quot;  VERBOSE=1 fcitx-addon-translation-handler-5"/>
					<CompileFile command="/usr/bin/make -j6 -f &quot;/home/zhaikn/kylin/samples/fcitx-auto-onboard/build-fcitx-auto-onboard-0.1.0001-unknown-Debug/Makefile&quot;  VERBOSE=1 &quot;$file&quot;"/>
					<Clean command="/usr/bin/make -j6 -f &quot;/home/zhaikn/kylin/samples/fcitx-auto-onboard/build-fcitx-auto-onboard-0.1.0001-unknown-Debug/Makefile&quot;  VERBOSE=1 clean"/>
					<DistClean command="/usr/bin/make -j6 -f &quot;/home/zhaikn/kylin/samples/fcitx-auto-onboard/build-fcitx-auto-onboard-0.1.0001-unknown-Debug/Makefile&quot;  VERBOSE=1 clean"/>
				</MakeCommands>
			</Target>
			<Target title="fcitx-addon-translation-handler-3">
				<Option working_dir="/home/zhaikn/kylin/samples/fcitx-auto-onboard/build-fcitx-auto-onboard-0.1.0001-unknown-Debug"/>
				<Option type="4"/>
				<MakeCommands>
					<Build command="/usr/bin/make -j6 -f &quot;/home/zhaikn/kylin/samples/fcitx-auto-onboard/build-fcitx-auto-onboard-0.1.0001-unknown-Debug/Makefile&quot;  VERBOSE=1 fcitx-addon-translation-handler-3"/>
					<CompileFile command="/usr/bin/make -j6 -f &quot;/home/zhaikn/kylin/samples/fcitx-auto-onboard/build-fcitx-auto-onboard-0.1.0001-unknown-Debug/Makefile&quot;  VERBOSE=1 &quot;$file&quot;"/>
					<Clean command="/usr/bin/make -j6 -f &quot;/home/zhaikn/kylin/samples/fcitx-auto-onboard/build-fcitx-auto-onboard-0.1.0001-unknown-Debug/Makefile&quot;  VERBOSE=1 clean"/>
					<DistClean command="/usr/bin/make -j6 -f &quot;/home/zhaikn/kylin/samples/fcitx-auto-onboard/build-fcitx-auto-onboard-0.1.0001-unknown-Debug/Makefile&quot;  VERBOSE=1 clean"/>
				</MakeCommands>
			</Target>
			<Target title="fcitx-addon-translation-handler-4">
				<Option working_dir="/home/zhaikn/kylin/samples/fcitx-auto-onboard/build-fcitx-auto-onboard-0.1.0001-unknown-Debug"/>
				<Option type="4"/>
				<MakeCommands>
					<Build command="/usr/bin/make -j6 -f &quot;/home/zhaikn/kylin/samples/fcitx-auto-onboard/build-fcitx-auto-onboard-0.1.0001-unknown-Debug/Makefile&quot;  VERBOSE=1 fcitx-addon-translation-handler-4"/>
					<CompileFile command="/usr/bin/make -j6 -f &quot;/home/zhaikn/kylin/samples/fcitx-auto-onboard/build-fcitx-auto-onboard-0.1.0001-unknown-Debug/Makefile&quot;  VERBOSE=1 &quot;$file&quot;"/>
					<Clean command="/usr/bin/make -j6 -f &quot;/home/zhaikn/kylin/samples/fcitx-auto-onboard/build-fcitx-auto-onboard-0.1.0001-unknown-Debug/Makefile&quot;  VERBOSE=1 clean"/>
					<DistClean command="/usr/bin/make -j6 -f &quot;/home/zhaikn/kylin/samples/fcitx-auto-onboard/build-fcitx-auto-onboard-0.1.0001-unknown-Debug/Makefile&quot;  VERBOSE=1 clean"/>
				</MakeCommands>
			</Target>
			<Target title="fcitx-scan-addons.target">
				<Option working_dir="/home/zhaikn/kylin/samples/fcitx-auto-onboard/build-fcitx-auto-onboard-0.1.0001-unknown-Debug"/>
				<Option type="4"/>
				<MakeCommands>
					<Build command="/usr/bin/make -j6 -f &quot;/home/zhaikn/kylin/samples/fcitx-auto-onboard/build-fcitx-auto-onboard-0.1.0001-unknown-Debug/Makefile&quot;  VERBOSE=1 fcitx-scan-addons.target"/>
					<CompileFile command="/usr/bin/make -j6 -f &quot;/home/zhaikn/kylin/samples/fcitx-auto-onboard/build-fcitx-auto-onboard-0.1.0001-unknown-Debug/Makefile&quot;  VERBOSE=1 &quot;$file&quot;"/>
					<Clean command="/usr/bin/make -j6 -f &quot;/home/zhaikn/kylin/samples/fcitx-auto-onboard/build-fcitx-auto-onboard-0.1.0001-unknown-Debug/Makefile&quot;  VERBOSE=1 clean"/>
					<DistClean command="/usr/bin/make -j6 -f &quot;/home/zhaikn/kylin/samples/fcitx-auto-onboard/build-fcitx-auto-onboard-0.1.0001-unknown-Debug/Makefile&quot;  VERBOSE=1 clean"/>
				</MakeCommands>
			</Target>
			<Target title="fcitx-addon-translation-handler-6">
				<Option working_dir="/home/zhaikn/kylin/samples/fcitx-auto-onboard/build-fcitx-auto-onboard-0.1.0001-unknown-Debug"/>
				<Option type="4"/>
				<MakeCommands>
					<Build command="/usr/bin/make -j6 -f &quot;/home/zhaikn/kylin/samples/fcitx-auto-onboard/build-fcitx-auto-onboard-0.1.0001-unknown-Debug/Makefile&quot;  VERBOSE=1 fcitx-addon-translation-handler-6"/>
					<CompileFile command="/usr/bin/make -j6 -f &quot;/home/zhaikn/kylin/samples/fcitx-auto-onboard/build-fcitx-auto-onboard-0.1.0001-unknown-Debug/Makefile&quot;  VERBOSE=1 &quot;$file&quot;"/>
					<Clean command="/usr/bin/make -j6 -f &quot;/home/zhaikn/kylin/samples/fcitx-auto-onboard/build-fcitx-auto-onboard-0.1.0001-unknown-Debug/Makefile&quot;  VERBOSE=1 clean"/>
					<DistClean command="/usr/bin/make -j6 -f &quot;/home/zhaikn/kylin/samples/fcitx-auto-onboard/build-fcitx-auto-onboard-0.1.0001-unknown-Debug/Makefile&quot;  VERBOSE=1 clean"/>
				</MakeCommands>
			</Target>
			<Target title="uninstall">
				<Option working_dir="/home/zhaikn/kylin/samples/fcitx-auto-onboard/build-fcitx-auto-onboard-0.1.0001-unknown-Debug"/>
				<Option type="4"/>
				<MakeCommands>
					<Build command="/usr/bin/make -j6 -f &quot;/home/zhaikn/kylin/samples/fcitx-auto-onboard/build-fcitx-auto-onboard-0.1.0001-unknown-Debug/Makefile&quot;  VERBOSE=1 uninstall"/>
					<CompileFile command="/usr/bin/make -j6 -f &quot;/home/zhaikn/kylin/samples/fcitx-auto-onboard/build-fcitx-auto-onboard-0.1.0001-unknown-Debug/Makefile&quot;  VERBOSE=1 &quot;$file&quot;"/>
					<Clean command="/usr/bin/make -j6 -f &quot;/home/zhaikn/kylin/samples/fcitx-auto-onboard/build-fcitx-auto-onboard-0.1.0001-unknown-Debug/Makefile&quot;  VERBOSE=1 clean"/>
					<DistClean command="/usr/bin/make -j6 -f &quot;/home/zhaikn/kylin/samples/fcitx-auto-onboard/build-fcitx-auto-onboard-0.1.0001-unknown-Debug/Makefile&quot;  VERBOSE=1 clean"/>
				</MakeCommands>
			</Target>
			<Target title="fcitx-addon-translation-handler-1">
				<Option working_dir="/home/zhaikn/kylin/samples/fcitx-auto-onboard/build-fcitx-auto-onboard-0.1.0001-unknown-Debug"/>
				<Option type="4"/>
				<MakeCommands>
					<Build command="/usr/bin/make -j6 -f &quot;/home/zhaikn/kylin/samples/fcitx-auto-onboard/build-fcitx-auto-onboard-0.1.0001-unknown-Debug/Makefile&quot;  VERBOSE=1 fcitx-addon-translation-handler-1"/>
					<CompileFile command="/usr/bin/make -j6 -f &quot;/home/zhaikn/kylin/samples/fcitx-auto-onboard/build-fcitx-auto-onboard-0.1.0001-unknown-Debug/Makefile&quot;  VERBOSE=1 &quot;$file&quot;"/>
					<Clean command="/usr/bin/make -j6 -f &quot;/home/zhaikn/kylin/samples/fcitx-auto-onboard/build-fcitx-auto-onboard-0.1.0001-unknown-Debug/Makefile&quot;  VERBOSE=1 clean"/>
					<DistClean command="/usr/bin/make -j6 -f &quot;/home/zhaikn/kylin/samples/fcitx-auto-onboard/build-fcitx-auto-onboard-0.1.0001-unknown-Debug/Makefile&quot;  VERBOSE=1 clean"/>
				</MakeCommands>
			</Target>
			<Target title="edit_cache">
				<Option working_dir="/home/zhaikn/kylin/samples/fcitx-auto-onboard/build-fcitx-auto-onboard-0.1.0001-unknown-Debug"/>
				<Option type="4"/>
				<MakeCommands>
					<Build command="/usr/bin/make -j6 -f &quot;/home/zhaikn/kylin/samples/fcitx-auto-onboard/build-fcitx-auto-onboard-0.1.0001-unknown-Debug/Makefile&quot;  VERBOSE=1 edit_cache"/>
					<CompileFile command="/usr/bin/make -j6 -f &quot;/home/zhaikn/kylin/samples/fcitx-auto-onboard/build-fcitx-auto-onboard-0.1.0001-unknown-Debug/Makefile&quot;  VERBOSE=1 &quot;$file&quot;"/>
					<Clean command="/usr/bin/make -j6 -f &quot;/home/zhaikn/kylin/samples/fcitx-auto-onboard/build-fcitx-auto-onboard-0.1.0001-unknown-Debug/Makefile&quot;  VERBOSE=1 clean"/>
					<DistClean command="/usr/bin/make -j6 -f &quot;/home/zhaikn/kylin/samples/fcitx-auto-onboard/build-fcitx-auto-onboard-0.1.0001-unknown-Debug/Makefile&quot;  VERBOSE=1 clean"/>
				</MakeCommands>
			</Target>
			<Target title="rebuild_cache">
				<Option working_dir="/home/zhaikn/kylin/samples/fcitx-auto-onboard/build-fcitx-auto-onboard-0.1.0001-unknown-Debug"/>
				<Option type="4"/>
				<MakeCommands>
					<Build command="/usr/bin/make -j6 -f &quot;/home/zhaikn/kylin/samples/fcitx-auto-onboard/build-fcitx-auto-onboard-0.1.0001-unknown-Debug/Makefile&quot;  VERBOSE=1 rebuild_cache"/>
					<CompileFile command="/usr/bin/make -j6 -f &quot;/home/zhaikn/kylin/samples/fcitx-auto-onboard/build-fcitx-auto-onboard-0.1.0001-unknown-Debug/Makefile&quot;  VERBOSE=1 &quot;$file&quot;"/>
					<Clean command="/usr/bin/make -j6 -f &quot;/home/zhaikn/kylin/samples/fcitx-auto-onboard/build-fcitx-auto-onboard-0.1.0001-unknown-Debug/Makefile&quot;  VERBOSE=1 clean"/>
					<DistClean command="/usr/bin/make -j6 -f &quot;/home/zhaikn/kylin/samples/fcitx-auto-onboard/build-fcitx-auto-onboard-0.1.0001-unknown-Debug/Makefile&quot;  VERBOSE=1 clean"/>
				</MakeCommands>
			</Target>
			<Target title="fcitx-addon-fcitx-auto-onboard--headers-1">
				<Option working_dir="/home/zhaikn/kylin/samples/fcitx-auto-onboard/build-fcitx-auto-onboard-0.1.0001-unknown-Debug/src"/>
				<Option type="4"/>
				<MakeCommands>
					<Build command="/usr/bin/make -j6 -f &quot;/home/zhaikn/kylin/samples/fcitx-auto-onboard/build-fcitx-auto-onboard-0.1.0001-unknown-Debug/src/Makefile&quot;  VERBOSE=1 fcitx-addon-fcitx-auto-onboard--headers-1"/>
					<CompileFile command="/usr/bin/make -j6 -f &quot;/home/zhaikn/kylin/samples/fcitx-auto-onboard/build-fcitx-auto-onboard-0.1.0001-unknown-Debug/src/Makefile&quot;  VERBOSE=1 &quot;$file&quot;"/>
					<Clean command="/usr/bin/make -j6 -f &quot;/home/zhaikn/kylin/samples/fcitx-auto-onboard/build-fcitx-auto-onboard-0.1.0001-unknown-Debug/src/Makefile&quot;  VERBOSE=1 clean"/>
					<DistClean command="/usr/bin/make -j6 -f &quot;/home/zhaikn/kylin/samples/fcitx-auto-onboard/build-fcitx-auto-onboard-0.1.0001-unknown-Debug/src/Makefile&quot;  VERBOSE=1 clean"/>
				</MakeCommands>
			</Target>
			<Target title="fcitx-addon-fcitx-auto-onboard--addon--desc-1">
				<Option working_dir="/home/zhaikn/kylin/samples/fcitx-auto-onboard/build-fcitx-auto-onboard-0.1.0001-unknown-Debug/src"/>
				<Option type="4"/>
				<MakeCommands>
					<Build command="/usr/bin/make -j6 -f &quot;/home/zhaikn/kylin/samples/fcitx-auto-onboard/build-fcitx-auto-onboard-0.1.0001-unknown-Debug/src/Makefile&quot;  VERBOSE=1 fcitx-addon-fcitx-auto-onboard--addon--desc-1"/>
					<CompileFile command="/usr/bin/make -j6 -f &quot;/home/zhaikn/kylin/samples/fcitx-auto-onboard/build-fcitx-auto-onboard-0.1.0001-unknown-Debug/src/Makefile&quot;  VERBOSE=1 &quot;$file&quot;"/>
					<Clean command="/usr/bin/make -j6 -f &quot;/home/zhaikn/kylin/samples/fcitx-auto-onboard/build-fcitx-auto-onboard-0.1.0001-unknown-Debug/src/Makefile&quot;  VERBOSE=1 clean"/>
					<DistClean command="/usr/bin/make -j6 -f &quot;/home/zhaikn/kylin/samples/fcitx-auto-onboard/build-fcitx-auto-onboard-0.1.0001-unknown-Debug/src/Makefile&quot;  VERBOSE=1 clean"/>
				</MakeCommands>
			</Target>
			<Target title="fcitx-auto-onboard">
				<Option output="/home/zhaikn/kylin/samples/fcitx-auto-onboard/build-fcitx-auto-onboard-0.1.0001-unknown-Debug/src/fcitx-auto-onboard.so" prefix_auto="0" extension_auto="0"/>
				<Option working_dir="/home/zhaikn/kylin/samples/fcitx-auto-onboard/build-fcitx-auto-onboard-0.1.0001-unknown-Debug/src"/>
				<Option object_output="./"/>
				<Option type="3"/>
				<Option compiler="gcc"/>
				<Compiler>
					<Add directory="/usr/include/dbus-1.0"/>
					<Add directory="/usr/lib/x86_64-linux-gnu/dbus-1.0/include"/>
					<Add directory="/home/zhaikn/kylin/samples/fcitx-auto-onboard/build-fcitx-auto-onboard-0.1.0001-unknown-Debug/src"/>
					<Add directory="/home/zhaikn/kylin/samples/fcitx-auto-onboard/fcitx-auto-onboard-0.1.0001/src"/>
					<Add directory="/usr/include/c++/9"/>
					<Add directory="/usr/include/x86_64-linux-gnu/c++/9"/>
					<Add directory="/usr/include/c++/9/backward"/>
					<Add directory="/usr/lib/gcc/x86_64-linux-gnu/9/include"/>
					<Add directory="/usr/local/include"/>
					<Add directory="/usr/include/x86_64-linux-gnu"/>
					<Add directory="/usr/include"/>
				</Compiler>
				<MakeCommands>
					<Build command="/usr/bin/make -j6 -f &quot;/home/zhaikn/kylin/samples/fcitx-auto-onboard/build-fcitx-auto-onboard-0.1.0001-unknown-Debug/src/Makefile&quot;  VERBOSE=1 fcitx-auto-onboard"/>
					<CompileFile command="/usr/bin/make -j6 -f &quot;/home/zhaikn/kylin/samples/fcitx-auto-onboard/build-fcitx-auto-onboard-0.1.0001-unknown-Debug/src/Makefile&quot;  VERBOSE=1 &quot;$file&quot;"/>
					<Clean command="/usr/bin/make -j6 -f &quot;/home/zhaikn/kylin/samples/fcitx-auto-onboard/build-fcitx-auto-onboard-0.1.0001-unknown-Debug/src/Makefile&quot;  VERBOSE=1 clean"/>
					<DistClean command="/usr/bin/make -j6 -f &quot;/home/zhaikn/kylin/samples/fcitx-auto-onboard/build-fcitx-auto-onboard-0.1.0001-unknown-Debug/src/Makefile&quot;  VERBOSE=1 clean"/>
				</MakeCommands>
			</Target>
			<Target title="fcitx-auto-onboard/fast">
				<Option output="/home/zhaikn/kylin/samples/fcitx-auto-onboard/build-fcitx-auto-onboard-0.1.0001-unknown-Debug/src/fcitx-auto-onboard.so" prefix_auto="0" extension_auto="0"/>
				<Option working_dir="/home/zhaikn/kylin/samples/fcitx-auto-onboard/build-fcitx-auto-onboard-0.1.0001-unknown-Debug/src"/>
				<Option object_output="./"/>
				<Option type="3"/>
				<Option compiler="gcc"/>
				<Compiler>
					<Add directory="/usr/include/dbus-1.0"/>
					<Add directory="/usr/lib/x86_64-linux-gnu/dbus-1.0/include"/>
					<Add directory="/home/zhaikn/kylin/samples/fcitx-auto-onboard/build-fcitx-auto-onboard-0.1.0001-unknown-Debug/src"/>
					<Add directory="/home/zhaikn/kylin/samples/fcitx-auto-onboard/fcitx-auto-onboard-0.1.0001/src"/>
					<Add directory="/usr/include/c++/9"/>
					<Add directory="/usr/include/x86_64-linux-gnu/c++/9"/>
					<Add directory="/usr/include/c++/9/backward"/>
					<Add directory="/usr/lib/gcc/x86_64-linux-gnu/9/include"/>
					<Add directory="/usr/local/include"/>
					<Add directory="/usr/include/x86_64-linux-gnu"/>
					<Add directory="/usr/include"/>
				</Compiler>
				<MakeCommands>
					<Build command="/usr/bin/make -j6 -f &quot;/home/zhaikn/kylin/samples/fcitx-auto-onboard/build-fcitx-auto-onboard-0.1.0001-unknown-Debug/src/Makefile&quot;  VERBOSE=1 fcitx-auto-onboard/fast"/>
					<CompileFile command="/usr/bin/make -j6 -f &quot;/home/zhaikn/kylin/samples/fcitx-auto-onboard/build-fcitx-auto-onboard-0.1.0001-unknown-Debug/src/Makefile&quot;  VERBOSE=1 &quot;$file&quot;"/>
					<Clean command="/usr/bin/make -j6 -f &quot;/home/zhaikn/kylin/samples/fcitx-auto-onboard/build-fcitx-auto-onboard-0.1.0001-unknown-Debug/src/Makefile&quot;  VERBOSE=1 clean"/>
					<DistClean command="/usr/bin/make -j6 -f &quot;/home/zhaikn/kylin/samples/fcitx-auto-onboard/build-fcitx-auto-onboard-0.1.0001-unknown-Debug/src/Makefile&quot;  VERBOSE=1 clean"/>
				</MakeCommands>
			</Target>
			<Target title="fcitx-addon-fcitx-auto-onboard--addon--conf-1">
				<Option working_dir="/home/zhaikn/kylin/samples/fcitx-auto-onboard/build-fcitx-auto-onboard-0.1.0001-unknown-Debug/src"/>
				<Option type="4"/>
				<MakeCommands>
					<Build command="/usr/bin/make -j6 -f &quot;/home/zhaikn/kylin/samples/fcitx-auto-onboard/build-fcitx-auto-onboard-0.1.0001-unknown-Debug/src/Makefile&quot;  VERBOSE=1 fcitx-addon-fcitx-auto-onboard--addon--conf-1"/>
					<CompileFile command="/usr/bin/make -j6 -f &quot;/home/zhaikn/kylin/samples/fcitx-auto-onboard/build-fcitx-auto-onboard-0.1.0001-unknown-Debug/src/Makefile&quot;  VERBOSE=1 &quot;$file&quot;"/>
					<Clean command="/usr/bin/make -j6 -f &quot;/home/zhaikn/kylin/samples/fcitx-auto-onboard/build-fcitx-auto-onboard-0.1.0001-unknown-Debug/src/Makefile&quot;  VERBOSE=1 clean"/>
					<DistClean command="/usr/bin/make -j6 -f &quot;/home/zhaikn/kylin/samples/fcitx-auto-onboard/build-fcitx-auto-onboard-0.1.0001-unknown-Debug/src/Makefile&quot;  VERBOSE=1 clean"/>
				</MakeCommands>
			</Target>
			<Target title="fcitx-auto-onboard--addon">
				<Option working_dir="/home/zhaikn/kylin/samples/fcitx-auto-onboard/build-fcitx-auto-onboard-0.1.0001-unknown-Debug/src"/>
				<Option type="4"/>
				<MakeCommands>
					<Build command="/usr/bin/make -j6 -f &quot;/home/zhaikn/kylin/samples/fcitx-auto-onboard/build-fcitx-auto-onboard-0.1.0001-unknown-Debug/src/Makefile&quot;  VERBOSE=1 fcitx-auto-onboard--addon"/>
					<CompileFile command="/usr/bin/make -j6 -f &quot;/home/zhaikn/kylin/samples/fcitx-auto-onboard/build-fcitx-auto-onboard-0.1.0001-unknown-Debug/src/Makefile&quot;  VERBOSE=1 &quot;$file&quot;"/>
					<Clean command="/usr/bin/make -j6 -f &quot;/home/zhaikn/kylin/samples/fcitx-auto-onboard/build-fcitx-auto-onboard-0.1.0001-unknown-Debug/src/Makefile&quot;  VERBOSE=1 clean"/>
					<DistClean command="/usr/bin/make -j6 -f &quot;/home/zhaikn/kylin/samples/fcitx-auto-onboard/build-fcitx-auto-onboard-0.1.0001-unknown-Debug/src/Makefile&quot;  VERBOSE=1 clean"/>
				</MakeCommands>
			</Target>
		</Build>
		<Unit filename="/home/zhaikn/kylin/samples/fcitx-auto-onboard/fcitx-auto-onboard-0.1.0001/src/auto-onboard.c">
			<Option target="fcitx-auto-onboard"/>
		</Unit>
		<Unit filename="/home/zhaikn/kylin/samples/fcitx-auto-onboard/fcitx-auto-onboard-0.1.0001/CMakeLists.txt">
			<Option virtualFolder="CMake Files\"/>
		</Unit>
		<Unit filename="/home/zhaikn/kylin/samples/fcitx-auto-onboard/fcitx-auto-onboard-0.1.0001/../../../../../../usr/share/cmake/fcitx/FcitxConfig.cmake">
			<Option virtualFolder="CMake Files\..\..\..\..\..\..\usr\share\cmake\fcitx\"/>
		</Unit>
		<Unit filename="/home/zhaikn/kylin/samples/fcitx-auto-onboard/fcitx-auto-onboard-0.1.0001/../../../../../../usr/share/cmake/fcitx/FcitxConfigVersion.cmake">
			<Option virtualFolder="CMake Files\..\..\..\..\..\..\usr\share\cmake\fcitx\"/>
		</Unit>
		<Unit filename="/home/zhaikn/kylin/samples/fcitx-auto-onboard/fcitx-auto-onboard-0.1.0001/../../../../../../usr/share/cmake/fcitx/FcitxMacro.cmake">
			<Option virtualFolder="CMake Files\..\..\..\..\..\..\usr\share\cmake\fcitx\"/>
		</Unit>
		<Unit filename="/home/zhaikn/kylin/samples/fcitx-auto-onboard/fcitx-auto-onboard-0.1.0001/src/CMakeLists.txt">
			<Option virtualFolder="CMake Files\src\"/>
		</Unit>
	</Project>
</CodeBlocks_project_file>
